// !$*UTF8*$!
{
	archiveVersion = 1;
	classes = {
	};
	objectVersion = 46;
	objects = {

/* Begin PBXBuildFile section */
		445CF152BA989EFFA445077A /* Pods_AutosizingTableView.framework in Frameworks */ = {isa = PBXBuildFile; fileRef = DBE5DD212C14BC2F954DED4F /* Pods_AutosizingTableView.framework */; };
		4B509BE21EE714030004B074 /* SystemSizeFittingTableViewController.swift in Sources */ = {isa = PBXBuildFile; fileRef = 4B509BE11EE714030004B074 /* SystemSizeFittingTableViewController.swift */; };
		4B509BE41EE7143D0004B074 /* SystemSizeFittingCollectionViewController.swift in Sources */ = {isa = PBXBuildFile; fileRef = 4B509BE31EE7143D0004B074 /* SystemSizeFittingCollectionViewController.swift */; };
		4B62F67A1EDFCB10008F5F09 /* Model.swift in Sources */ = {isa = PBXBuildFile; fileRef = 4B62F6791EDFCB10008F5F09 /* Model.swift */; };
		4B62F67C1EDFE6E1008F5F09 /* SelfSizingTableViewViewController.swift in Sources */ = {isa = PBXBuildFile; fileRef = 4B62F67B1EDFE6E1008F5F09 /* SelfSizingTableViewViewController.swift */; };
		4B62F67E1EDFE6EC008F5F09 /* TableViewCell.swift in Sources */ = {isa = PBXBuildFile; fileRef = 4B62F67D1EDFE6EC008F5F09 /* TableViewCell.swift */; };
		4B7568EA1EDFC4D90074321E /* AppDelegate.swift in Sources */ = {isa = PBXBuildFile; fileRef = 4B7568E91EDFC4D90074321E /* AppDelegate.swift */; };
		4B7568EC1EDFC4D90074321E /* ViewSizeCalculatorTableViewController.swift in Sources */ = {isa = PBXBuildFile; fileRef = 4B7568EB1EDFC4D90074321E /* ViewSizeCalculatorTableViewController.swift */; };
		4B7568EF1EDFC4D90074321E /* Main.storyboard in Resources */ = {isa = PBXBuildFile; fileRef = 4B7568ED1EDFC4D90074321E /* Main.storyboard */; };
		4B7568F11EDFC4D90074321E /* Assets.xcassets in Resources */ = {isa = PBXBuildFile; fileRef = 4B7568F01EDFC4D90074321E /* Assets.xcassets */; };
		4B7568F41EDFC4D90074321E /* LaunchScreen.storyboard in Resources */ = {isa = PBXBuildFile; fileRef = 4B7568F21EDFC4D90074321E /* LaunchScreen.storyboard */; };
		4BE2382A1EDFEACA00D89441 /* ViewSizeCalculatorCollectionViewController.swift in Sources */ = {isa = PBXBuildFile; fileRef = 4BE238291EDFEACA00D89441 /* ViewSizeCalculatorCollectionViewController.swift */; };
		4BE2382C1EDFEADD00D89441 /* SelfSizingCollectionViewController.swift in Sources */ = {isa = PBXBuildFile; fileRef = 4BE2382B1EDFEADD00D89441 /* SelfSizingCollectionViewController.swift */; };
		4BE2382E1EDFEB6E00D89441 /* CollectionViewCell.swift in Sources */ = {isa = PBXBuildFile; fileRef = 4BE2382D1EDFEB6E00D89441 /* CollectionViewCell.swift */; };
		4BE238301EDFEB7F00D89441 /* BodyView.swift in Sources */ = {isa = PBXBuildFile; fileRef = 4BE2382F1EDFEB7F00D89441 /* BodyView.swift */; };
/* End PBXBuildFile section */

/* Begin PBXFileReference section */
		0E81B7003DEC45C5AF1FFB51 /* Pods-AutosizingTableView.release.xcconfig */ = {isa = PBXFileReference; includeInIndex = 1; lastKnownFileType = text.xcconfig; name = "Pods-AutosizingTableView.release.xcconfig"; path = "Pods/Target Support Files/Pods-AutosizingTableView/Pods-AutosizingTableView.release.xcconfig"; sourceTree = "<group>"; };
		4B509BE11EE714030004B074 /* SystemSizeFittingTableViewController.swift */ = {isa = PBXFileReference; lastKnownFileType = sourcecode.swift; path = SystemSizeFittingTableViewController.swift; sourceTree = "<group>"; };
		4B509BE31EE7143D0004B074 /* SystemSizeFittingCollectionViewController.swift */ = {isa = PBXFileReference; lastKnownFileType = sourcecode.swift; path = SystemSizeFittingCollectionViewController.swift; sourceTree = "<group>"; };
		4B62F6791EDFCB10008F5F09 /* Model.swift */ = {isa = PBXFileReference; fileEncoding = 4; lastKnownFileType = sourcecode.swift; path = Model.swift; sourceTree = "<group>"; };
		4B62F67B1EDFE6E1008F5F09 /* SelfSizingTableViewViewController.swift */ = {isa = PBXFileReference; fileEncoding = 4; lastKnownFileType = sourcecode.swift; path = SelfSizingTableViewViewController.swift; sourceTree = "<group>"; };
		4B62F67D1EDFE6EC008F5F09 /* TableViewCell.swift */ = {isa = PBXFileReference; fileEncoding = 4; lastKnownFileType = sourcecode.swift; path = TableViewCell.swift; sourceTree = "<group>"; };
		4B7568E61EDFC4D90074321E /* AutosizingTableView.app */ = {isa = PBXFileReference; explicitFileType = wrapper.application; includeInIndex = 0; path = AutosizingTableView.app; sourceTree = BUILT_PRODUCTS_DIR; };
		4B7568E91EDFC4D90074321E /* AppDelegate.swift */ = {isa = PBXFileReference; lastKnownFileType = sourcecode.swift; path = AppDelegate.swift; sourceTree = "<group>"; };
		4B7568EB1EDFC4D90074321E /* ViewSizeCalculatorTableViewController.swift */ = {isa = PBXFileReference; lastKnownFileType = sourcecode.swift; path = ViewSizeCalculatorTableViewController.swift; sourceTree = "<group>"; };
		4B7568EE1EDFC4D90074321E /* Base */ = {isa = PBXFileReference; lastKnownFileType = file.storyboard; name = Base; path = Base.lproj/Main.storyboard; sourceTree = "<group>"; };
		4B7568F01EDFC4D90074321E /* Assets.xcassets */ = {isa = PBXFileReference; lastKnownFileType = folder.assetcatalog; path = Assets.xcassets; sourceTree = "<group>"; };
		4B7568F31EDFC4D90074321E /* Base */ = {isa = PBXFileReference; lastKnownFileType = file.storyboard; name = Base; path = Base.lproj/LaunchScreen.storyboard; sourceTree = "<group>"; };
		4B7568F51EDFC4D90074321E /* Info.plist */ = {isa = PBXFileReference; lastKnownFileType = text.plist.xml; path = Info.plist; sourceTree = "<group>"; };
		4BE238291EDFEACA00D89441 /* ViewSizeCalculatorCollectionViewController.swift */ = {isa = PBXFileReference; fileEncoding = 4; lastKnownFileType = sourcecode.swift; path = ViewSizeCalculatorCollectionViewController.swift; sourceTree = "<group>"; };
		4BE2382B1EDFEADD00D89441 /* SelfSizingCollectionViewController.swift */ = {isa = PBXFileReference; fileEncoding = 4; lastKnownFileType = sourcecode.swift; path = SelfSizingCollectionViewController.swift; sourceTree = "<group>"; };
		4BE2382D1EDFEB6E00D89441 /* CollectionViewCell.swift */ = {isa = PBXFileReference; fileEncoding = 4; lastKnownFileType = sourcecode.swift; path = CollectionViewCell.swift; sourceTree = "<group>"; };
		4BE2382F1EDFEB7F00D89441 /* BodyView.swift */ = {isa = PBXFileReference; fileEncoding = 4; lastKnownFileType = sourcecode.swift; path = BodyView.swift; sourceTree = "<group>"; };
		5933334480E2AAB3D114C0EF /* Pods-AutosizingTableView.debug.xcconfig */ = {isa = PBXFileReference; includeInIndex = 1; lastKnownFileType = text.xcconfig; name = "Pods-AutosizingTableView.debug.xcconfig"; path = "Pods/Target Support Files/Pods-AutosizingTableView/Pods-AutosizingTableView.debug.xcconfig"; sourceTree = "<group>"; };
		DBE5DD212C14BC2F954DED4F /* Pods_AutosizingTableView.framework */ = {isa = PBXFileReference; explicitFileType = wrapper.framework; includeInIndex = 0; path = Pods_AutosizingTableView.framework; sourceTree = BUILT_PRODUCTS_DIR; };
/* End PBXFileReference section */

/* Begin PBXFrameworksBuildPhase section */
		4B7568E31EDFC4D90074321E /* Frameworks */ = {
			isa = PBXFrameworksBuildPhase;
			buildActionMask = 2147483647;
			files = (
				445CF152BA989EFFA445077A /* Pods_AutosizingTableView.framework in Frameworks */,
			);
			runOnlyForDeploymentPostprocessing = 0;
		};
/* End PBXFrameworksBuildPhase section */

/* Begin PBXGroup section */
		359AA62C74C8F3F92EE98427 /* Pods */ = {
			isa = PBXGroup;
			children = (
				5933334480E2AAB3D114C0EF /* Pods-AutosizingTableView.debug.xcconfig */,
				0E81B7003DEC45C5AF1FFB51 /* Pods-AutosizingTableView.release.xcconfig */,
			);
			name = Pods;
			sourceTree = "<group>";
		};
		4B7568DD1EDFC4D90074321E = {
			isa = PBXGroup;
			children = (
				4B7568E81EDFC4D90074321E /* AutosizingTableView */,
				4B7568E71EDFC4D90074321E /* Products */,
				359AA62C74C8F3F92EE98427 /* Pods */,
				5319BAF877B7D8270B31DC40 /* Frameworks */,
			);
			sourceTree = "<group>";
		};
		4B7568E71EDFC4D90074321E /* Products */ = {
			isa = PBXGroup;
			children = (
				4B7568E61EDFC4D90074321E /* AutosizingTableView.app */,
			);
			name = Products;
			sourceTree = "<group>";
		};
		4B7568E81EDFC4D90074321E /* AutosizingTableView */ = {
			isa = PBXGroup;
			children = (
				4B7568E91EDFC4D90074321E /* AppDelegate.swift */,
				4BE2382F1EDFEB7F00D89441 /* BodyView.swift */,
				4B62F67D1EDFE6EC008F5F09 /* TableViewCell.swift */,
				4BE2382D1EDFEB6E00D89441 /* CollectionViewCell.swift */,
				4B509BE11EE714030004B074 /* SystemSizeFittingTableViewController.swift */,
				4B7568EB1EDFC4D90074321E /* ViewSizeCalculatorTableViewController.swift */,
				4B62F67B1EDFE6E1008F5F09 /* SelfSizingTableViewViewController.swift */,
				4B509BE31EE7143D0004B074 /* SystemSizeFittingCollectionViewController.swift */,
				4BE238291EDFEACA00D89441 /* ViewSizeCalculatorCollectionViewController.swift */,
				4BE2382B1EDFEADD00D89441 /* SelfSizingCollectionViewController.swift */,
				4B62F6791EDFCB10008F5F09 /* Model.swift */,
				4B7568ED1EDFC4D90074321E /* Main.storyboard */,
				4B7568F01EDFC4D90074321E /* Assets.xcassets */,
				4B7568F21EDFC4D90074321E /* LaunchScreen.storyboard */,
				4B7568F51EDFC4D90074321E /* Info.plist */,
			);
			path = AutosizingTableView;
			sourceTree = "<group>";
		};
		5319BAF877B7D8270B31DC40 /* Frameworks */ = {
			isa = PBXGroup;
			children = (
				DBE5DD212C14BC2F954DED4F /* Pods_AutosizingTableView.framework */,
			);
			name = Frameworks;
			sourceTree = "<group>";
		};
/* End PBXGroup section */

/* Begin PBXNativeTarget section */
		4B7568E51EDFC4D90074321E /* AutosizingTableView */ = {
			isa = PBXNativeTarget;
			buildConfigurationList = 4B7568F81EDFC4D90074321E /* Build configuration list for PBXNativeTarget "AutosizingTableView" */;
			buildPhases = (
				55DF0C7EBEF16E5A97F2B97A /* [CP] Check Pods Manifest.lock */,
				4B7568E21EDFC4D90074321E /* Sources */,
				4B7568E31EDFC4D90074321E /* Frameworks */,
				4B7568E41EDFC4D90074321E /* Resources */,
				281E27E7D67637B5BCA53601 /* [CP] Embed Pods Frameworks */,
				068FBDAC6FEB2C9078B2174E /* [CP] Copy Pods Resources */,
			);
			buildRules = (
			);
			dependencies = (
			);
			name = AutosizingTableView;
			productName = AutosizingTableView;
			productReference = 4B7568E61EDFC4D90074321E /* AutosizingTableView.app */;
			productType = "com.apple.product-type.application";
		};
/* End PBXNativeTarget section */

/* Begin PBXProject section */
		4B7568DE1EDFC4D90074321E /* Project object */ = {
			isa = PBXProject;
			attributes = {
				LastSwiftUpdateCheck = 0830;
				LastUpgradeCheck = 0830;
				ORGANIZATIONNAME = muukii;
				TargetAttributes = {
					4B7568E51EDFC4D90074321E = {
						CreatedOnToolsVersion = 8.3.2;
						DevelopmentTeam = KU2QEJ9K3Z;
						ProvisioningStyle = Automatic;
					};
				};
			};
			buildConfigurationList = 4B7568E11EDFC4D90074321E /* Build configuration list for PBXProject "AutosizingTableView" */;
			compatibilityVersion = "Xcode 3.2";
			developmentRegion = English;
			hasScannedForEncodings = 0;
			knownRegions = (
				en,
				Base,
			);
			mainGroup = 4B7568DD1EDFC4D90074321E;
			productRefGroup = 4B7568E71EDFC4D90074321E /* Products */;
			projectDirPath = "";
			projectRoot = "";
			targets = (
				4B7568E51EDFC4D90074321E /* AutosizingTableView */,
			);
		};
/* End PBXProject section */

/* Begin PBXResourcesBuildPhase section */
		4B7568E41EDFC4D90074321E /* Resources */ = {
			isa = PBXResourcesBuildPhase;
			buildActionMask = 2147483647;
			files = (
				4B7568F41EDFC4D90074321E /* LaunchScreen.storyboard in Resources */,
				4B7568F11EDFC4D90074321E /* Assets.xcassets in Resources */,
				4B7568EF1EDFC4D90074321E /* Main.storyboard in Resources */,
			);
			runOnlyForDeploymentPostprocessing = 0;
		};
/* End PBXResourcesBuildPhase section */

/* Begin PBXShellScriptBuildPhase section */
		068FBDAC6FEB2C9078B2174E /* [CP] Copy Pods Resources */ = {
			isa = PBXShellScriptBuildPhase;
			buildActionMask = 2147483647;
			files = (
			);
			inputPaths = (
			);
			name = "[CP] Copy Pods Resources";
			outputPaths = (
			);
			runOnlyForDeploymentPostprocessing = 0;
			shellPath = /bin/sh;
			shellScript = "\"${SRCROOT}/Pods/Target Support Files/Pods-AutosizingTableView/Pods-AutosizingTableView-resources.sh\"\n";
			showEnvVarsInLog = 0;
		};
		281E27E7D67637B5BCA53601 /* [CP] Embed Pods Frameworks */ = {
			isa = PBXShellScriptBuildPhase;
			buildActionMask = 2147483647;
			files = (
			);
			inputPaths = (
			);
			name = "[CP] Embed Pods Frameworks";
			outputPaths = (
			);
			runOnlyForDeploymentPostprocessing = 0;
			shellPath = /bin/sh;
			shellScript = "\"${SRCROOT}/Pods/Target Support Files/Pods-AutosizingTableView/Pods-AutosizingTableView-frameworks.sh\"\n";
			showEnvVarsInLog = 0;
		};
		55DF0C7EBEF16E5A97F2B97A /* [CP] Check Pods Manifest.lock */ = {
			isa = PBXShellScriptBuildPhase;
			buildActionMask = 2147483647;
			files = (
			);
			inputPaths = (
			);
			name = "[CP] Check Pods Manifest.lock";
			outputPaths = (
			);
			runOnlyForDeploymentPostprocessing = 0;
			shellPath = /bin/sh;
			shellScript = "diff \"${PODS_PODFILE_DIR_PATH}/Podfile.lock\" \"${PODS_ROOT}/Manifest.lock\" > /dev/null\nif [ $? != 0 ] ; then\n    # print error to STDERR\n    echo \"error: The sandbox is not in sync with the Podfile.lock. Run 'pod install' or update your CocoaPods installation.\" >&2\n    exit 1\nfi\n";
			showEnvVarsInLog = 0;
		};
/* End PBXShellScriptBuildPhase section */

/* Begin PBXSourcesBuildPhase section */
		4B7568E21EDFC4D90074321E /* Sources */ = {
			isa = PBXSourcesBuildPhase;
			buildActionMask = 2147483647;
			files = (
				4BE2382C1EDFEADD00D89441 /* SelfSizingCollectionViewController.swift in Sources */,
				4B509BE21EE714030004B074 /* SystemSizeFittingTableViewController.swift in Sources */,
				4BE2382A1EDFEACA00D89441 /* ViewSizeCalculatorCollectionViewController.swift in Sources */,
				4BE238301EDFEB7F00D89441 /* BodyView.swift in Sources */,
				4BE2382E1EDFEB6E00D89441 /* CollectionViewCell.swift in Sources */,
				4B62F67A1EDFCB10008F5F09 /* Model.swift in Sources */,
				4B62F67C1EDFE6E1008F5F09 /* SelfSizingTableViewViewController.swift in Sources */,
				4B62F67E1EDFE6EC008F5F09 /* TableViewCell.swift in Sources */,
				4B509BE41EE7143D0004B074 /* SystemSizeFittingCollectionViewController.swift in Sources */,
				4B7568EC1EDFC4D90074321E /* ViewSizeCalculatorTableViewController.swift in Sources */,
				4B7568EA1EDFC4D90074321E /* AppDelegate.swift in Sources */,
			);
			runOnlyForDeploymentPostprocessing = 0;
		};
/* End PBXSourcesBuildPhase section */

/* Begin PBXVariantGroup section */
		4B7568ED1EDFC4D90074321E /* Main.storyboard */ = {
			isa = PBXVariantGroup;
			children = (
				4B7568EE1EDFC4D90074321E /* Base */,
			);
			name = Main.storyboard;
			sourceTree = "<group>";
		};
		4B7568F21EDFC4D90074321E /* LaunchScreen.storyboard */ = {
			isa = PBXVariantGroup;
			children = (
				4B7568F31EDFC4D90074321E /* Base */,
			);
			name = LaunchScreen.storyboard;
			sourceTree = "<group>";
		};
/* End PBXVariantGroup section */

/* Begin XCBuildConfiguration section */
		4B7568F61EDFC4D90074321E /* Debug */ = {
			isa = XCBuildConfiguration;
			buildSettings = {
				ALWAYS_SEARCH_USER_PATHS = NO;
				CLANG_ANALYZER_NONNULL = YES;
				CLANG_ANALYZER_NUMBER_OBJECT_CONVERSION = YES_AGGRESSIVE;
				CLANG_CXX_LANGUAGE_STANDARD = "gnu++0x";
				CLANG_CXX_LIBRARY = "libc++";
				CLANG_ENABLE_MODULES = YES;
				CLANG_ENABLE_OBJC_ARC = YES;
				CLANG_WARN_BOOL_CONVERSION = YES;
				CLANG_WARN_CONSTANT_CONVERSION = YES;
				CLANG_WARN_DIRECT_OBJC_ISA_USAGE = YES_ERROR;
				CLANG_WARN_DOCUMENTATION_COMMENTS = YES;
				CLANG_WARN_EMPTY_BODY = YES;
				CLANG_WARN_ENUM_CONVERSION = YES;
				CLANG_WARN_INFINITE_RECURSION = YES;
				CLANG_WARN_INT_CONVERSION = YES;
				CLANG_WARN_OBJC_ROOT_CLASS = YES_ERROR;
				CLANG_WARN_SUSPICIOUS_MOVE = YES;
				CLANG_WARN_UNREACHABLE_CODE = YES;
				CLANG_WARN__DUPLICATE_METHOD_MATCH = YES;
				"CODE_SIGN_IDENTITY[sdk=iphoneos*]" = "iPhone Developer";
				COPY_PHASE_STRIP = NO;
				DEBUG_INFORMATION_FORMAT = dwarf;
				ENABLE_STRICT_OBJC_MSGSEND = YES;
				ENABLE_TESTABILITY = YES;
				GCC_C_LANGUAGE_STANDARD = gnu99;
				GCC_DYNAMIC_NO_PIC = NO;
				GCC_NO_COMMON_BLOCKS = YES;
				GCC_OPTIMIZATION_LEVEL = 0;
				GCC_PREPROCESSOR_DEFINITIONS = (
					"DEBUG=1",
					"$(inherited)",
				);
				GCC_WARN_64_TO_32_BIT_CONVERSION = YES;
				GCC_WARN_ABOUT_RETURN_TYPE = YES_ERROR;
				GCC_WARN_UNDECLARED_SELECTOR = YES;
				GCC_WARN_UNINITIALIZED_AUTOS = YES_AGGRESSIVE;
				GCC_WARN_UNUSED_FUNCTION = YES;
				GCC_WARN_UNUSED_VARIABLE = YES;
				IPHONEOS_DEPLOYMENT_TARGET = 10.3;
				MTL_ENABLE_DEBUG_INFO = YES;
				ONLY_ACTIVE_ARCH = YES;
				SDKROOT = iphoneos;
				SWIFT_ACTIVE_COMPILATION_CONDITIONS = DEBUG;
				SWIFT_OPTIMIZATION_LEVEL = "-Onone";
			};
			name = Debug;
		};
		4B7568F71EDFC4D90074321E /* Release */ = {
			isa = XCBuildConfiguration;
			buildSettings = {
				ALWAYS_SEARCH_USER_PATHS = NO;
				CLANG_ANALYZER_NONNULL = YES;
				CLANG_ANALYZER_NUMBER_OBJECT_CONVERSION = YES_AGGRESSIVE;
				CLANG_CXX_LANGUAGE_STANDARD = "gnu++0x";
				CLANG_CXX_LIBRARY = "libc++";
				CLANG_ENABLE_MODULES = YES;
				CLANG_ENABLE_OBJC_ARC = YES;
				CLANG_WARN_BOOL_CONVERSION = YES;
				CLANG_WARN_CONSTANT_CONVERSION = YES;
				CLANG_WARN_DIRECT_OBJC_ISA_USAGE = YES_ERROR;
				CLANG_WARN_DOCUMENTATION_COMMENTS = YES;
				CLANG_WARN_EMPTY_BODY = YES;
				CLANG_WARN_ENUM_CONVERSION = YES;
				CLANG_WARN_INFINITE_RECURSION = YES;
				CLANG_WARN_INT_CONVERSION = YES;
				CLANG_WARN_OBJC_ROOT_CLASS = YES_ERROR;
				CLANG_WARN_SUSPICIOUS_MOVE = YES;
				CLANG_WARN_UNREACHABLE_CODE = YES;
				CLANG_WARN__DUPLICATE_METHOD_MATCH = YES;
				"CODE_SIGN_IDENTITY[sdk=iphoneos*]" = "iPhone Developer";
				COPY_PHASE_STRIP = NO;
				DEBUG_INFORMATION_FORMAT = "dwarf-with-dsym";
				ENABLE_NS_ASSERTIONS = NO;
				ENABLE_STRICT_OBJC_MSGSEND = YES;
				GCC_C_LANGUAGE_STANDARD = gnu99;
				GCC_NO_COMMON_BLOCKS = YES;
				GCC_WARN_64_TO_32_BIT_CONVERSION = YES;
				GCC_WARN_ABOUT_RETURN_TYPE = YES_ERROR;
				GCC_WARN_UNDECLARED_SELECTOR = YES;
				GCC_WARN_UNINITIALIZED_AUTOS = YES_AGGRESSIVE;
				GCC_WARN_UNUSED_FUNCTION = YES;
				GCC_WARN_UNUSED_VARIABLE = YES;
				IPHONEOS_DEPLOYMENT_TARGET = 10.3;
				MTL_ENABLE_DEBUG_INFO = NO;
				SDKROOT = iphoneos;
				SWIFT_OPTIMIZATION_LEVEL = "-Owholemodule";
				VALIDATE_PRODUCT = YES;
			};
			name = Release;
		};
		4B7568F91EDFC4D90074321E /* Debug */ = {
			isa = XCBuildConfiguration;
			baseConfigurationReference = 5933334480E2AAB3D114C0EF /* Pods-AutosizingTableView.debug.xcconfig */;
			buildSettings = {
				ASSETCATALOG_COMPILER_APPICON_NAME = AppIcon;
				DEVELOPMENT_TEAM = KU2QEJ9K3Z;
				INFOPLIST_FILE = AutosizingTableView/Info.plist;
				LD_RUNPATH_SEARCH_PATHS = "$(inherited) @executable_path/Frameworks";
				PRODUCT_BUNDLE_IDENTIFIER = me.muukii.AutosizingTableView;
				PRODUCT_NAME = "$(TARGET_NAME)";
				SWIFT_VERSION = 3.0;
			};
			name = Debug;
		};
		4B7568FA1EDFC4D90074321E /* Release */ = {
			isa = XCBuildConfiguration;
			baseConfigurationReference = 0E81B7003DEC45C5AF1FFB51 /* Pods-AutosizingTableView.release.xcconfig */;
			buildSettings = {
				ASSETCATALOG_COMPILER_APPICON_NAME = AppIcon;
				DEVELOPMENT_TEAM = KU2QEJ9K3Z;
				INFOPLIST_FILE = AutosizingTableView/Info.plist;
				LD_RUNPATH_SEARCH_PATHS = "$(inherited) @executable_path/Frameworks";
				PRODUCT_BUNDLE_IDENTIFIER = me.muukii.AutosizingTableView;
				PRODUCT_NAME = "$(TARGET_NAME)";
				SWIFT_VERSION = 3.0;
			};
			name = Release;
		};
/* End XCBuildConfiguration section */

/* Begin XCConfigurationList section */
		4B7568E11EDFC4D90074321E /* Build configuration list for PBXProject "AutosizingTableView" */ = {
			isa = XCConfigurationList;
			buildConfigurations = (
				4B7568F61EDFC4D90074321E /* Debug */,
				4B7568F71EDFC4D90074321E /* Release */,
			);
			defaultConfigurationIsVisible = 0;
			defaultConfigurationName = Release;
		};
		4B7568F81EDFC4D90074321E /* Build configuration list for PBXNativeTarget "AutosizingTableView" */ = {
			isa = XCConfigurationList;
			buildConfigurations = (
				4B7568F91EDFC4D90074321E /* Debug */,
				4B7568FA1EDFC4D90074321E /* Release */,
			);
			defaultConfigurationIsVisible = 0;
			defaultConfigurationName = Release;
		};
/* End XCConfigurationList section */
	};
	rootObject = 4B7568DE1EDFC4D90074321E /* Project object */;
}
